
Microsoft Visual Studio Solution File, Format Version 12.00
# Visual Studio Version 16
VisualStudioVersion = 16.0.29025.244
MinimumVisualStudioVersion = 10.0.40219.1
Project("{8BC9CEB8-8B4A-11D0-8D11-00A0C91BC942}") = "1031", "1031.vcxproj", "{742E066E-4783-4257-8448-EC54C1571799}"
EndProject
Global
	GlobalSection(SolutionConfigurationPlatforms) = preSolution
		Debug|x64 = Debug|x64
		Debug|x86 = Debug|x86
		Release|x64 = Release|x64
		Release|x86 = Release|x86
	EndGlobalSection
	GlobalSection(ProjectConfigurationPlatforms) = postSolution
		{742E066E-4783-4257-8448-EC54C1571799}.Debug|x64.ActiveCfg = Debug|x64
		{742E066E-4783-4257-8448-EC54C1571799}.Debug|x64.Build.0 = Debug|x64
		{742E066E-4783-4257-8448-EC54C1571799}.Debug|x86.ActiveCfg = Debug|Win32
		{742E066E-4783-4257-8448-EC54C1571799}.Debug|x86.Build.0 = Debug|Win32
		{742E066E-4783-4257-8448-EC54C1571799}.Release|x64.ActiveCfg = Release|x64
		{742E066E-4783-4257-8448-EC54C1571799}.Release|x64.Build.0 = Release|x64
		{742E066E-4783-4257-8448-EC54C1571799}.Release|x86.ActiveCfg = Release|Win32
		{742E066E-4783-4257-8448-EC54C1571799}.Release|x86.Build.0 = Release|Win32
	EndGlobalSection
	GlobalSection(SolutionProperties) = preSolution
		HideSolutionNode = FALSE
	EndGlobalSection
	GlobalSection(ExtensibilityGlobals) = postSolution
		SolutionGuid = {CFD72AE1-4F7D-44A1-938B-063FCB995943}
	EndGlobalSection
EndGlobal
