
Microsoft Visual Studio Solution File, Format Version 12.00
# Visual Studio Version 16
VisualStudioVersion = 16.0.29025.244
MinimumVisualStudioVersion = 10.0.40219.1
Project("{8BC9CEB8-8B4A-11D0-8D11-00A0C91BC942}") = "1004", "1004.vcxproj", "{69CFE8E2-BFBE-4385-B003-0BC1A14BE5A5}"
EndProject
Global
	GlobalSection(SolutionConfigurationPlatforms) = preSolution
		Debug|x64 = Debug|x64
		Debug|x86 = Debug|x86
		Release|x64 = Release|x64
		Release|x86 = Release|x86
	EndGlobalSection
	GlobalSection(ProjectConfigurationPlatforms) = postSolution
		{69CFE8E2-BFBE-4385-B003-0BC1A14BE5A5}.Debug|x64.ActiveCfg = Debug|x64
		{69CFE8E2-BFBE-4385-B003-0BC1A14BE5A5}.Debug|x64.Build.0 = Debug|x64
		{69CFE8E2-BFBE-4385-B003-0BC1A14BE5A5}.Debug|x86.ActiveCfg = Debug|Win32
		{69CFE8E2-BFBE-4385-B003-0BC1A14BE5A5}.Debug|x86.Build.0 = Debug|Win32
		{69CFE8E2-BFBE-4385-B003-0BC1A14BE5A5}.Release|x64.ActiveCfg = Release|x64
		{69CFE8E2-BFBE-4385-B003-0BC1A14BE5A5}.Release|x64.Build.0 = Release|x64
		{69CFE8E2-BFBE-4385-B003-0BC1A14BE5A5}.Release|x86.ActiveCfg = Release|Win32
		{69CFE8E2-BFBE-4385-B003-0BC1A14BE5A5}.Release|x86.Build.0 = Release|Win32
	EndGlobalSection
	GlobalSection(SolutionProperties) = preSolution
		HideSolutionNode = FALSE
	EndGlobalSection
	GlobalSection(ExtensibilityGlobals) = postSolution
		SolutionGuid = {E7883078-E9B7-4387-8C83-E25020F22EEF}
	EndGlobalSection
EndGlobal
