
Microsoft Visual Studio Solution File, Format Version 12.00
# Visual Studio Version 16
VisualStudioVersion = 16.0.29025.244
MinimumVisualStudioVersion = 10.0.40219.1
Project("{8BC9CEB8-8B4A-11D0-8D11-00A0C91BC942}") = "1066", "1066.vcxproj", "{B56A6349-850C-48DD-8962-138ABEC9BCEA}"
EndProject
Global
	GlobalSection(SolutionConfigurationPlatforms) = preSolution
		Debug|x64 = Debug|x64
		Debug|x86 = Debug|x86
		Release|x64 = Release|x64
		Release|x86 = Release|x86
	EndGlobalSection
	GlobalSection(ProjectConfigurationPlatforms) = postSolution
		{B56A6349-850C-48DD-8962-138ABEC9BCEA}.Debug|x64.ActiveCfg = Debug|x64
		{B56A6349-850C-48DD-8962-138ABEC9BCEA}.Debug|x64.Build.0 = Debug|x64
		{B56A6349-850C-48DD-8962-138ABEC9BCEA}.Debug|x86.ActiveCfg = Debug|Win32
		{B56A6349-850C-48DD-8962-138ABEC9BCEA}.Debug|x86.Build.0 = Debug|Win32
		{B56A6349-850C-48DD-8962-138ABEC9BCEA}.Release|x64.ActiveCfg = Release|x64
		{B56A6349-850C-48DD-8962-138ABEC9BCEA}.Release|x64.Build.0 = Release|x64
		{B56A6349-850C-48DD-8962-138ABEC9BCEA}.Release|x86.ActiveCfg = Release|Win32
		{B56A6349-850C-48DD-8962-138ABEC9BCEA}.Release|x86.Build.0 = Release|Win32
	EndGlobalSection
	GlobalSection(SolutionProperties) = preSolution
		HideSolutionNode = FALSE
	EndGlobalSection
	GlobalSection(ExtensibilityGlobals) = postSolution
		SolutionGuid = {3923BA77-4270-47AC-B0FD-C376813BDD72}
	EndGlobalSection
EndGlobal
