
Microsoft Visual Studio Solution File, Format Version 12.00
# Visual Studio Version 16
VisualStudioVersion = 16.0.29025.244
MinimumVisualStudioVersion = 10.0.40219.1
Project("{8BC9CEB8-8B4A-11D0-8D11-00A0C91BC942}") = "6-4 链式表的按序号查找", "6-4 链式表的按序号查找.vcxproj", "{5733F818-9ED8-48EF-86A9-B6B3DDD06A00}"
EndProject
Global
	GlobalSection(SolutionConfigurationPlatforms) = preSolution
		Debug|x64 = Debug|x64
		Debug|x86 = Debug|x86
		Release|x64 = Release|x64
		Release|x86 = Release|x86
	EndGlobalSection
	GlobalSection(ProjectConfigurationPlatforms) = postSolution
		{5733F818-9ED8-48EF-86A9-B6B3DDD06A00}.Debug|x64.ActiveCfg = Debug|x64
		{5733F818-9ED8-48EF-86A9-B6B3DDD06A00}.Debug|x64.Build.0 = Debug|x64
		{5733F818-9ED8-48EF-86A9-B6B3DDD06A00}.Debug|x86.ActiveCfg = Debug|Win32
		{5733F818-9ED8-48EF-86A9-B6B3DDD06A00}.Debug|x86.Build.0 = Debug|Win32
		{5733F818-9ED8-48EF-86A9-B6B3DDD06A00}.Release|x64.ActiveCfg = Release|x64
		{5733F818-9ED8-48EF-86A9-B6B3DDD06A00}.Release|x64.Build.0 = Release|x64
		{5733F818-9ED8-48EF-86A9-B6B3DDD06A00}.Release|x86.ActiveCfg = Release|Win32
		{5733F818-9ED8-48EF-86A9-B6B3DDD06A00}.Release|x86.Build.0 = Release|Win32
	EndGlobalSection
	GlobalSection(SolutionProperties) = preSolution
		HideSolutionNode = FALSE
	EndGlobalSection
	GlobalSection(ExtensibilityGlobals) = postSolution
		SolutionGuid = {F36D62F8-E88F-455F-903C-ADA90C0E95DD}
	EndGlobalSection
EndGlobal
